// !$*UTF8*$!
{
	archiveVersion = 1;
	classes = {
	};
	objectVersion = 48;
	objects = {

/* Begin PBXBuildFile section */
		1757B2002086F1E700A43E3E /* AppDelegate.swift in Sources */ = {isa = PBXBuildFile; fileRef = 1757B1FF2086F1E700A43E3E /* AppDelegate.swift */; };
		1757B2022086F1E700A43E3E /* FeedVC.swift in Sources */ = {isa = PBXBuildFile; fileRef = 1757B2012086F1E700A43E3E /* FeedVC.swift */; };
		1757B2042086F1E700A43E3E /* GroupsVC.swift in Sources */ = {isa = PBXBuildFile; fileRef = 1757B2032086F1E700A43E3E /* GroupsVC.swift */; };
		1757B2072086F1E700A43E3E /* Main.storyboard in Resources */ = {isa = PBXBuildFile; fileRef = 1757B2052086F1E700A43E3E /* Main.storyboard */; };
		1757B2092086F1E700A43E3E /* Assets.xcassets in Resources */ = {isa = PBXBuildFile; fileRef = 1757B2082086F1E700A43E3E /* Assets.xcassets */; };
		1757B20C2086F1E700A43E3E /* LaunchScreen.storyboard in Resources */ = {isa = PBXBuildFile; fileRef = 1757B20A2086F1E700A43E3E /* LaunchScreen.storyboard */; };
		1757B2192086F4D000A43E3E /* GoogleService-Info.plist in Resources */ = {isa = PBXBuildFile; fileRef = 1757B2182086F4D000A43E3E /* GoogleService-Info.plist */; };
		1757B21B2086F74F00A43E3E /* DataService.swift in Sources */ = {isa = PBXBuildFile; fileRef = 1757B21A2086F74E00A43E3E /* DataService.swift */; };
		1757B21D2088129B00A43E3E /* AuthVC.swift in Sources */ = {isa = PBXBuildFile; fileRef = 1757B21C2088129B00A43E3E /* AuthVC.swift */; };
		1757B21F208812AB00A43E3E /* LoginVC.swift in Sources */ = {isa = PBXBuildFile; fileRef = 1757B21E208812AB00A43E3E /* LoginVC.swift */; };
		1757B2212088134300A43E3E /* InsetTextField.swift in Sources */ = {isa = PBXBuildFile; fileRef = 1757B2202088134300A43E3E /* InsetTextField.swift */; };
		1757B223208818F500A43E3E /* ShadowView.swift in Sources */ = {isa = PBXBuildFile; fileRef = 1757B222208818F500A43E3E /* ShadowView.swift */; };
		1757B22520881D7700A43E3E /* AuthService.swift in Sources */ = {isa = PBXBuildFile; fileRef = 1757B22420881D7700A43E3E /* AuthService.swift */; };
		1757B227208971BC00A43E3E /* MeVC.swift in Sources */ = {isa = PBXBuildFile; fileRef = 1757B226208971BC00A43E3E /* MeVC.swift */; };
		96B6984864A647F582612007 /* Pods_breakpoint.framework in Frameworks */ = {isa = PBXBuildFile; fileRef = D1ECBAC7F7CD74BD30400114 /* Pods_breakpoint.framework */; };
/* End PBXBuildFile section */

/* Begin PBXFileReference section */
		1757B1FC2086F1E700A43E3E /* breakpoint.app */ = {isa = PBXFileReference; explicitFileType = wrapper.application; includeInIndex = 0; path = breakpoint.app; sourceTree = BUILT_PRODUCTS_DIR; };
		1757B1FF2086F1E700A43E3E /* AppDelegate.swift */ = {isa = PBXFileReference; lastKnownFileType = sourcecode.swift; path = AppDelegate.swift; sourceTree = "<group>"; };
		1757B2012086F1E700A43E3E /* FeedVC.swift */ = {isa = PBXFileReference; lastKnownFileType = sourcecode.swift; path = FeedVC.swift; sourceTree = "<group>"; };
		1757B2032086F1E700A43E3E /* GroupsVC.swift */ = {isa = PBXFileReference; lastKnownFileType = sourcecode.swift; path = GroupsVC.swift; sourceTree = "<group>"; };
		1757B2062086F1E700A43E3E /* Base */ = {isa = PBXFileReference; lastKnownFileType = file.storyboard; name = Base; path = Base.lproj/Main.storyboard; sourceTree = "<group>"; };
		1757B2082086F1E700A43E3E /* Assets.xcassets */ = {isa = PBXFileReference; lastKnownFileType = folder.assetcatalog; path = Assets.xcassets; sourceTree = "<group>"; };
		1757B20B2086F1E700A43E3E /* Base */ = {isa = PBXFileReference; lastKnownFileType = file.storyboard; name = Base; path = Base.lproj/LaunchScreen.storyboard; sourceTree = "<group>"; };
		1757B20D2086F1E700A43E3E /* Info.plist */ = {isa = PBXFileReference; lastKnownFileType = text.plist.xml; path = Info.plist; sourceTree = "<group>"; };
		1757B2182086F4D000A43E3E /* GoogleService-Info.plist */ = {isa = PBXFileReference; fileEncoding = 4; lastKnownFileType = text.plist.xml; path = "GoogleService-Info.plist"; sourceTree = "<group>"; };
		1757B21A2086F74E00A43E3E /* DataService.swift */ = {isa = PBXFileReference; lastKnownFileType = sourcecode.swift; path = DataService.swift; sourceTree = "<group>"; };
		1757B21C2088129B00A43E3E /* AuthVC.swift */ = {isa = PBXFileReference; lastKnownFileType = sourcecode.swift; path = AuthVC.swift; sourceTree = "<group>"; };
		1757B21E208812AB00A43E3E /* LoginVC.swift */ = {isa = PBXFileReference; lastKnownFileType = sourcecode.swift; path = LoginVC.swift; sourceTree = "<group>"; };
		1757B2202088134300A43E3E /* InsetTextField.swift */ = {isa = PBXFileReference; lastKnownFileType = sourcecode.swift; path = InsetTextField.swift; sourceTree = "<group>"; };
		1757B222208818F500A43E3E /* ShadowView.swift */ = {isa = PBXFileReference; lastKnownFileType = sourcecode.swift; path = ShadowView.swift; sourceTree = "<group>"; };
		1757B22420881D7700A43E3E /* AuthService.swift */ = {isa = PBXFileReference; lastKnownFileType = sourcecode.swift; path = AuthService.swift; sourceTree = "<group>"; };
		1757B226208971BC00A43E3E /* MeVC.swift */ = {isa = PBXFileReference; lastKnownFileType = sourcecode.swift; path = MeVC.swift; sourceTree = "<group>"; };
		24544B2327361D55C85DCFFC /* Pods-breakpoint.release.xcconfig */ = {isa = PBXFileReference; includeInIndex = 1; lastKnownFileType = text.xcconfig; name = "Pods-breakpoint.release.xcconfig"; path = "Pods/Target Support Files/Pods-breakpoint/Pods-breakpoint.release.xcconfig"; sourceTree = "<group>"; };
		D1ECBAC7F7CD74BD30400114 /* Pods_breakpoint.framework */ = {isa = PBXFileReference; explicitFileType = wrapper.framework; includeInIndex = 0; path = Pods_breakpoint.framework; sourceTree = BUILT_PRODUCTS_DIR; };
		D708DDEA36D5DC860C6273DF /* Pods-breakpoint.debug.xcconfig */ = {isa = PBXFileReference; includeInIndex = 1; lastKnownFileType = text.xcconfig; name = "Pods-breakpoint.debug.xcconfig"; path = "Pods/Target Support Files/Pods-breakpoint/Pods-breakpoint.debug.xcconfig"; sourceTree = "<group>"; };
/* End PBXFileReference section */

/* Begin PBXFrameworksBuildPhase section */
		1757B1F92086F1E600A43E3E /* Frameworks */ = {
			isa = PBXFrameworksBuildPhase;
			buildActionMask = 2147483647;
			files = (
				96B6984864A647F582612007 /* Pods_breakpoint.framework in Frameworks */,
			);
			runOnlyForDeploymentPostprocessing = 0;
		};
/* End PBXFrameworksBuildPhase section */

/* Begin PBXGroup section */
		1757B1F32086F1E600A43E3E = {
			isa = PBXGroup;
			children = (
				1757B1FE2086F1E700A43E3E /* breakpoint */,
				1757B1FD2086F1E700A43E3E /* Products */,
				6078E3041570B85683CA009F /* Pods */,
				F9778906E7ACCFB685ECB4DB /* Frameworks */,
			);
			sourceTree = "<group>";
		};
		1757B1FD2086F1E700A43E3E /* Products */ = {
			isa = PBXGroup;
			children = (
				1757B1FC2086F1E700A43E3E /* breakpoint.app */,
			);
			name = Products;
			sourceTree = "<group>";
		};
		1757B1FE2086F1E700A43E3E /* breakpoint */ = {
			isa = PBXGroup;
			children = (
				1757B2172086F39E00A43E3E /* Services */,
				1757B2162086F26200A43E3E /* Extensions */,
				1757B2152086F24C00A43E3E /* Model */,
				1757B2142086F24400A43E3E /* View */,
				1757B2132086F22D00A43E3E /* Controller */,
				1757B1FF2086F1E700A43E3E /* AppDelegate.swift */,
				1757B2052086F1E700A43E3E /* Main.storyboard */,
				1757B2082086F1E700A43E3E /* Assets.xcassets */,
				1757B20A2086F1E700A43E3E /* LaunchScreen.storyboard */,
				1757B20D2086F1E700A43E3E /* Info.plist */,
				1757B2182086F4D000A43E3E /* GoogleService-Info.plist */,
			);
			path = breakpoint;
			sourceTree = "<group>";
		};
		1757B2132086F22D00A43E3E /* Controller */ = {
			isa = PBXGroup;
			children = (
				1757B2012086F1E700A43E3E /* FeedVC.swift */,
				1757B2032086F1E700A43E3E /* GroupsVC.swift */,
				1757B21C2088129B00A43E3E /* AuthVC.swift */,
				1757B21E208812AB00A43E3E /* LoginVC.swift */,
				1757B226208971BC00A43E3E /* MeVC.swift */,
			);
			path = Controller;
			sourceTree = "<group>";
		};
		1757B2142086F24400A43E3E /* View */ = {
			isa = PBXGroup;
			children = (
				1757B2202088134300A43E3E /* InsetTextField.swift */,
				1757B222208818F500A43E3E /* ShadowView.swift */,
			);
			path = View;
			sourceTree = "<group>";
		};
		1757B2152086F24C00A43E3E /* Model */ = {
			isa = PBXGroup;
			children = (
			);
			path = Model;
			sourceTree = "<group>";
		};
		1757B2162086F26200A43E3E /* Extensions */ = {
			isa = PBXGroup;
			children = (
			);
			path = Extensions;
			sourceTree = "<group>";
		};
		1757B2172086F39E00A43E3E /* Services */ = {
			isa = PBXGroup;
			children = (
				1757B21A2086F74E00A43E3E /* DataService.swift */,
				1757B22420881D7700A43E3E /* AuthService.swift */,
			);
			path = Services;
			sourceTree = "<group>";
		};
		6078E3041570B85683CA009F /* Pods */ = {
			isa = PBXGroup;
			children = (
				D708DDEA36D5DC860C6273DF /* Pods-breakpoint.debug.xcconfig */,
				24544B2327361D55C85DCFFC /* Pods-breakpoint.release.xcconfig */,
			);
			name = Pods;
			sourceTree = "<group>";
		};
		F9778906E7ACCFB685ECB4DB /* Frameworks */ = {
			isa = PBXGroup;
			children = (
				D1ECBAC7F7CD74BD30400114 /* Pods_breakpoint.framework */,
			);
			name = Frameworks;
			sourceTree = "<group>";
		};
/* End PBXGroup section */

/* Begin PBXNativeTarget section */
		1757B1FB2086F1E600A43E3E /* breakpoint */ = {
			isa = PBXNativeTarget;
			buildConfigurationList = 1757B2102086F1E700A43E3E /* Build configuration list for PBXNativeTarget "breakpoint" */;
			buildPhases = (
				3854D5DD21A6D48E58D35F3E /* [CP] Check Pods Manifest.lock */,
				1757B1F82086F1E600A43E3E /* Sources */,
				1757B1F92086F1E600A43E3E /* Frameworks */,
				1757B1FA2086F1E600A43E3E /* Resources */,
				7A4BCE88480FA2E5CE4D6E39 /* [CP] Embed Pods Frameworks */,
				7BD13993862106F6227EBC79 /* [CP] Copy Pods Resources */,
			);
			buildRules = (
			);
			dependencies = (
			);
			name = breakpoint;
			productName = breakpoint;
			productReference = 1757B1FC2086F1E700A43E3E /* breakpoint.app */;
			productType = "com.apple.product-type.application";
		};
/* End PBXNativeTarget section */

/* Begin PBXProject section */
		1757B1F42086F1E600A43E3E /* Project object */ = {
			isa = PBXProject;
			attributes = {
				LastSwiftUpdateCheck = 0920;
				LastUpgradeCheck = 0920;
				ORGANIZATIONNAME = ERF;
				TargetAttributes = {
					1757B1FB2086F1E600A43E3E = {
						CreatedOnToolsVersion = 9.2;
						ProvisioningStyle = Automatic;
					};
				};
			};
			buildConfigurationList = 1757B1F72086F1E600A43E3E /* Build configuration list for PBXProject "breakpoint" */;
			compatibilityVersion = "Xcode 8.0";
			developmentRegion = en;
			hasScannedForEncodings = 0;
			knownRegions = (
				en,
				Base,
			);
			mainGroup = 1757B1F32086F1E600A43E3E;
			productRefGroup = 1757B1FD2086F1E700A43E3E /* Products */;
			projectDirPath = "";
			projectRoot = "";
			targets = (
				1757B1FB2086F1E600A43E3E /* breakpoint */,
			);
		};
/* End PBXProject section */

/* Begin PBXResourcesBuildPhase section */
		1757B1FA2086F1E600A43E3E /* Resources */ = {
			isa = PBXResourcesBuildPhase;
			buildActionMask = 2147483647;
			files = (
				1757B20C2086F1E700A43E3E /* LaunchScreen.storyboard in Resources */,
				1757B2192086F4D000A43E3E /* GoogleService-Info.plist in Resources */,
				1757B2092086F1E700A43E3E /* Assets.xcassets in Resources */,
				1757B2072086F1E700A43E3E /* Main.storyboard in Resources */,
			);
			runOnlyForDeploymentPostprocessing = 0;
		};
/* End PBXResourcesBuildPhase section */

/* Begin PBXShellScriptBuildPhase section */
		3854D5DD21A6D48E58D35F3E /* [CP] Check Pods Manifest.lock */ = {
			isa = PBXShellScriptBuildPhase;
			buildActionMask = 2147483647;
			files = (
			);
			inputPaths = (
				"${PODS_PODFILE_DIR_PATH}/Podfile.lock",
				"${PODS_ROOT}/Manifest.lock",
			);
			name = "[CP] Check Pods Manifest.lock";
			outputPaths = (
				"$(DERIVED_FILE_DIR)/Pods-breakpoint-checkManifestLockResult.txt",
			);
			runOnlyForDeploymentPostprocessing = 0;
			shellPath = /bin/sh;
			shellScript = "diff \"${PODS_PODFILE_DIR_PATH}/Podfile.lock\" \"${PODS_ROOT}/Manifest.lock\" > /dev/null\nif [ $? != 0 ] ; then\n    # print error to STDERR\n    echo \"error: The sandbox is not in sync with the Podfile.lock. Run 'pod install' or update your CocoaPods installation.\" >&2\n    exit 1\nfi\n# This output is used by Xcode 'outputs' to avoid re-running this script phase.\necho \"SUCCESS\" > \"${SCRIPT_OUTPUT_FILE_0}\"\n";
			showEnvVarsInLog = 0;
		};
		7A4BCE88480FA2E5CE4D6E39 /* [CP] Embed Pods Frameworks */ = {
			isa = PBXShellScriptBuildPhase;
			buildActionMask = 2147483647;
			files = (
			);
			inputPaths = (
				"${SRCROOT}/Pods/Target Support Files/Pods-breakpoint/Pods-breakpoint-frameworks.sh",
				"${BUILT_PRODUCTS_DIR}/GTMSessionFetcher/GTMSessionFetcher.framework",
				"${BUILT_PRODUCTS_DIR}/GoogleToolboxForMac/GoogleToolboxForMac.framework",
				"${BUILT_PRODUCTS_DIR}/leveldb-library/leveldb.framework",
				"${BUILT_PRODUCTS_DIR}/nanopb/nanopb.framework",
			);
			name = "[CP] Embed Pods Frameworks";
			outputPaths = (
				"${TARGET_BUILD_DIR}/${FRAMEWORKS_FOLDER_PATH}/GTMSessionFetcher.framework",
				"${TARGET_BUILD_DIR}/${FRAMEWORKS_FOLDER_PATH}/GoogleToolboxForMac.framework",
				"${TARGET_BUILD_DIR}/${FRAMEWORKS_FOLDER_PATH}/leveldb.framework",
				"${TARGET_BUILD_DIR}/${FRAMEWORKS_FOLDER_PATH}/nanopb.framework",
			);
			runOnlyForDeploymentPostprocessing = 0;
			shellPath = /bin/sh;
			shellScript = "\"${SRCROOT}/Pods/Target Support Files/Pods-breakpoint/Pods-breakpoint-frameworks.sh\"\n";
			showEnvVarsInLog = 0;
		};
		7BD13993862106F6227EBC79 /* [CP] Copy Pods Resources */ = {
			isa = PBXShellScriptBuildPhase;
			buildActionMask = 2147483647;
			files = (
			);
			inputPaths = (
			);
			name = "[CP] Copy Pods Resources";
			outputPaths = (
			);
			runOnlyForDeploymentPostprocessing = 0;
			shellPath = /bin/sh;
			shellScript = "\"${SRCROOT}/Pods/Target Support Files/Pods-breakpoint/Pods-breakpoint-resources.sh\"\n";
			showEnvVarsInLog = 0;
		};
/* End PBXShellScriptBuildPhase section */

/* Begin PBXSourcesBuildPhase section */
		1757B1F82086F1E600A43E3E /* Sources */ = {
			isa = PBXSourcesBuildPhase;
			buildActionMask = 2147483647;
			files = (
				1757B227208971BC00A43E3E /* MeVC.swift in Sources */,
				1757B21D2088129B00A43E3E /* AuthVC.swift in Sources */,
				1757B2042086F1E700A43E3E /* GroupsVC.swift in Sources */,
				1757B21F208812AB00A43E3E /* LoginVC.swift in Sources */,
				1757B22520881D7700A43E3E /* AuthService.swift in Sources */,
				1757B2002086F1E700A43E3E /* AppDelegate.swift in Sources */,
				1757B223208818F500A43E3E /* ShadowView.swift in Sources */,
				1757B2022086F1E700A43E3E /* FeedVC.swift in Sources */,
				1757B2212088134300A43E3E /* InsetTextField.swift in Sources */,
				1757B21B2086F74F00A43E3E /* DataService.swift in Sources */,
			);
			runOnlyForDeploymentPostprocessing = 0;
		};
/* End PBXSourcesBuildPhase section */

/* Begin PBXVariantGroup section */
		1757B2052086F1E700A43E3E /* Main.storyboard */ = {
			isa = PBXVariantGroup;
			children = (
				1757B2062086F1E700A43E3E /* Base */,
			);
			name = Main.storyboard;
			sourceTree = "<group>";
		};
		1757B20A2086F1E700A43E3E /* LaunchScreen.storyboard */ = {
			isa = PBXVariantGroup;
			children = (
				1757B20B2086F1E700A43E3E /* Base */,
			);
			name = LaunchScreen.storyboard;
			sourceTree = "<group>";
		};
/* End PBXVariantGroup section */

/* Begin XCBuildConfiguration section */
		1757B20E2086F1E700A43E3E /* Debug */ = {
			isa = XCBuildConfiguration;
			buildSettings = {
				ALWAYS_SEARCH_USER_PATHS = NO;
				CLANG_ANALYZER_NONNULL = YES;
				CLANG_ANALYZER_NUMBER_OBJECT_CONVERSION = YES_AGGRESSIVE;
				CLANG_CXX_LANGUAGE_STANDARD = "gnu++14";
				CLANG_CXX_LIBRARY = "libc++";
				CLANG_ENABLE_MODULES = YES;
				CLANG_ENABLE_OBJC_ARC = YES;
				CLANG_WARN_BLOCK_CAPTURE_AUTORELEASING = YES;
				CLANG_WARN_BOOL_CONVERSION = YES;
				CLANG_WARN_COMMA = YES;
				CLANG_WARN_CONSTANT_CONVERSION = YES;
				CLANG_WARN_DIRECT_OBJC_ISA_USAGE = YES_ERROR;
				CLANG_WARN_DOCUMENTATION_COMMENTS = YES;
				CLANG_WARN_EMPTY_BODY = YES;
				CLANG_WARN_ENUM_CONVERSION = YES;
				CLANG_WARN_INFINITE_RECURSION = YES;
				CLANG_WARN_INT_CONVERSION = YES;
				CLANG_WARN_NON_LITERAL_NULL_CONVERSION = YES;
				CLANG_WARN_OBJC_LITERAL_CONVERSION = YES;
				CLANG_WARN_OBJC_ROOT_CLASS = YES_ERROR;
				CLANG_WARN_RANGE_LOOP_ANALYSIS = YES;
				CLANG_WARN_STRICT_PROTOTYPES = YES;
				CLANG_WARN_SUSPICIOUS_MOVE = YES;
				CLANG_WARN_UNGUARDED_AVAILABILITY = YES_AGGRESSIVE;
				CLANG_WARN_UNREACHABLE_CODE = YES;
				CLANG_WARN__DUPLICATE_METHOD_MATCH = YES;
				CODE_SIGN_IDENTITY = "iPhone Developer";
				COPY_PHASE_STRIP = NO;
				DEBUG_INFORMATION_FORMAT = dwarf;
				ENABLE_STRICT_OBJC_MSGSEND = YES;
				ENABLE_TESTABILITY = YES;
				GCC_C_LANGUAGE_STANDARD = gnu11;
				GCC_DYNAMIC_NO_PIC = NO;
				GCC_NO_COMMON_BLOCKS = YES;
				GCC_OPTIMIZATION_LEVEL = 0;
				GCC_PREPROCESSOR_DEFINITIONS = (
					"DEBUG=1",
					"$(inherited)",
				);
				GCC_WARN_64_TO_32_BIT_CONVERSION = YES;
				GCC_WARN_ABOUT_RETURN_TYPE = YES_ERROR;
				GCC_WARN_UNDECLARED_SELECTOR = YES;
				GCC_WARN_UNINITIALIZED_AUTOS = YES_AGGRESSIVE;
				GCC_WARN_UNUSED_FUNCTION = YES;
				GCC_WARN_UNUSED_VARIABLE = YES;
				IPHONEOS_DEPLOYMENT_TARGET = 11.2;
				MTL_ENABLE_DEBUG_INFO = YES;
				ONLY_ACTIVE_ARCH = YES;
				SDKROOT = iphoneos;
				SWIFT_ACTIVE_COMPILATION_CONDITIONS = DEBUG;
				SWIFT_OPTIMIZATION_LEVEL = "-Onone";
			};
			name = Debug;
		};
		1757B20F2086F1E700A43E3E /* Release */ = {
			isa = XCBuildConfiguration;
			buildSettings = {
				ALWAYS_SEARCH_USER_PATHS = NO;
				CLANG_ANALYZER_NONNULL = YES;
				CLANG_ANALYZER_NUMBER_OBJECT_CONVERSION = YES_AGGRESSIVE;
				CLANG_CXX_LANGUAGE_STANDARD = "gnu++14";
				CLANG_CXX_LIBRARY = "libc++";
				CLANG_ENABLE_MODULES = YES;
				CLANG_ENABLE_OBJC_ARC = YES;
				CLANG_WARN_BLOCK_CAPTURE_AUTORELEASING = YES;
				CLANG_WARN_BOOL_CONVERSION = YES;
				CLANG_WARN_COMMA = YES;
				CLANG_WARN_CONSTANT_CONVERSION = YES;
				CLANG_WARN_DIRECT_OBJC_ISA_USAGE = YES_ERROR;
				CLANG_WARN_DOCUMENTATION_COMMENTS = YES;
				CLANG_WARN_EMPTY_BODY = YES;
				CLANG_WARN_ENUM_CONVERSION = YES;
				CLANG_WARN_INFINITE_RECURSION = YES;
				CLANG_WARN_INT_CONVERSION = YES;
				CLANG_WARN_NON_LITERAL_NULL_CONVERSION = YES;
				CLANG_WARN_OBJC_LITERAL_CONVERSION = YES;
				CLANG_WARN_OBJC_ROOT_CLASS = YES_ERROR;
				CLANG_WARN_RANGE_LOOP_ANALYSIS = YES;
				CLANG_WARN_STRICT_PROTOTYPES = YES;
				CLANG_WARN_SUSPICIOUS_MOVE = YES;
				CLANG_WARN_UNGUARDED_AVAILABILITY = YES_AGGRESSIVE;
				CLANG_WARN_UNREACHABLE_CODE = YES;
				CLANG_WARN__DUPLICATE_METHOD_MATCH = YES;
				CODE_SIGN_IDENTITY = "iPhone Developer";
				COPY_PHASE_STRIP = NO;
				DEBUG_INFORMATION_FORMAT = "dwarf-with-dsym";
				ENABLE_NS_ASSERTIONS = NO;
				ENABLE_STRICT_OBJC_MSGSEND = YES;
				GCC_C_LANGUAGE_STANDARD = gnu11;
				GCC_NO_COMMON_BLOCKS = YES;
				GCC_WARN_64_TO_32_BIT_CONVERSION = YES;
				GCC_WARN_ABOUT_RETURN_TYPE = YES_ERROR;
				GCC_WARN_UNDECLARED_SELECTOR = YES;
				GCC_WARN_UNINITIALIZED_AUTOS = YES_AGGRESSIVE;
				GCC_WARN_UNUSED_FUNCTION = YES;
				GCC_WARN_UNUSED_VARIABLE = YES;
				IPHONEOS_DEPLOYMENT_TARGET = 11.2;
				MTL_ENABLE_DEBUG_INFO = NO;
				SDKROOT = iphoneos;
				SWIFT_OPTIMIZATION_LEVEL = "-Owholemodule";
				VALIDATE_PRODUCT = YES;
			};
			name = Release;
		};
		1757B2112086F1E700A43E3E /* Debug */ = {
			isa = XCBuildConfiguration;
			baseConfigurationReference = D708DDEA36D5DC860C6273DF /* Pods-breakpoint.debug.xcconfig */;
			buildSettings = {
				ASSETCATALOG_COMPILER_APPICON_NAME = AppIcon;
				CODE_SIGN_STYLE = Automatic;
				DEVELOPMENT_TEAM = BAXBGFT8F4;
				INFOPLIST_FILE = breakpoint/Info.plist;
				LD_RUNPATH_SEARCH_PATHS = "$(inherited) @executable_path/Frameworks";
				PRODUCT_BUNDLE_IDENTIFIER = Ernest.breakpoint;
				PRODUCT_NAME = "$(TARGET_NAME)";
				SWIFT_VERSION = 4.0;
				TARGETED_DEVICE_FAMILY = "1,2";
			};
			name = Debug;
		};
		1757B2122086F1E700A43E3E /* Release */ = {
			isa = XCBuildConfiguration;
			baseConfigurationReference = 24544B2327361D55C85DCFFC /* Pods-breakpoint.release.xcconfig */;
			buildSettings = {
				ASSETCATALOG_COMPILER_APPICON_NAME = AppIcon;
				CODE_SIGN_STYLE = Automatic;
				DEVELOPMENT_TEAM = BAXBGFT8F4;
				INFOPLIST_FILE = breakpoint/Info.plist;
				LD_RUNPATH_SEARCH_PATHS = "$(inherited) @executable_path/Frameworks";
				PRODUCT_BUNDLE_IDENTIFIER = Ernest.breakpoint;
				PRODUCT_NAME = "$(TARGET_NAME)";
				SWIFT_VERSION = 4.0;
				TARGETED_DEVICE_FAMILY = "1,2";
			};
			name = Release;
		};
/* End XCBuildConfiguration section */

/* Begin XCConfigurationList section */
		1757B1F72086F1E600A43E3E /* Build configuration list for PBXProject "breakpoint" */ = {
			isa = XCConfigurationList;
			buildConfigurations = (
				1757B20E2086F1E700A43E3E /* Debug */,
				1757B20F2086F1E700A43E3E /* Release */,
			);
			defaultConfigurationIsVisible = 0;
			defaultConfigurationName = Release;
		};
		1757B2102086F1E700A43E3E /* Build configuration list for PBXNativeTarget "breakpoint" */ = {
			isa = XCConfigurationList;
			buildConfigurations = (
				1757B2112086F1E700A43E3E /* Debug */,
				1757B2122086F1E700A43E3E /* Release */,
			);
			defaultConfigurationIsVisible = 0;
			defaultConfigurationName = Release;
		};
/* End XCConfigurationList section */
	};
	rootObject = 1757B1F42086F1E600A43E3E /* Project object */;
}
